
Microsoft Visual Studio Solution File, Format Version 12.00
# Visual Studio Version 17
VisualStudioVersion = 17.5.002.0
MinimumVisualStudioVersion = 10.0.40219.1
Project("{9A19103F-16F7-4668-BE54-9A1E7A4F7556}") = "ArrayStrings", "ArrayStrings.csproj", "{12E1F166-248B-4FAD-A7C7-14E626A53EEB}"
EndProject
Global
	GlobalSection(SolutionConfigurationPlatforms) = preSolution
		Debug|Any CPU = Debug|Any CPU
		Release|Any CPU = Release|Any CPU
	EndGlobalSection
	GlobalSection(ProjectConfigurationPlatforms) = postSolution
		{12E1F166-248B-4FAD-A7C7-14E626A53EEB}.Debug|Any CPU.ActiveCfg = Debug|Any CPU
		{12E1F166-248B-4FAD-A7C7-14E626A53EEB}.Debug|Any CPU.Build.0 = Debug|Any CPU
		{12E1F166-248B-4FAD-A7C7-14E626A53EEB}.Release|Any CPU.ActiveCfg = Release|Any CPU
		{12E1F166-248B-4FAD-A7C7-14E626A53EEB}.Release|Any CPU.Build.0 = Release|Any CPU
	EndGlobalSection
	GlobalSection(SolutionProperties) = preSolution
		HideSolutionNode = FALSE
	EndGlobalSection
	GlobalSection(ExtensibilityGlobals) = postSolution
		SolutionGuid = {A0CF429D-76A1-48BC-8B25-4EA09E6B2D11}
	EndGlobalSection
EndGlobal
