
Microsoft Visual Studio Solution File, Format Version 12.00
# Visual Studio Version 17
VisualStudioVersion = 17.5.002.0
MinimumVisualStudioVersion = 10.0.40219.1
Project("{9A19103F-16F7-4668-BE54-9A1E7A4F7556}") = "Desafios", "Desafios.csproj", "{A5675DCB-D879-4469-ADC2-6F9BC43DA305}"
EndProject
Global
	GlobalSection(SolutionConfigurationPlatforms) = preSolution
		Debug|Any CPU = Debug|Any CPU
		Release|Any CPU = Release|Any CPU
	EndGlobalSection
	GlobalSection(ProjectConfigurationPlatforms) = postSolution
		{A5675DCB-D879-4469-ADC2-6F9BC43DA305}.Debug|Any CPU.ActiveCfg = Debug|Any CPU
		{A5675DCB-D879-4469-ADC2-6F9BC43DA305}.Debug|Any CPU.Build.0 = Debug|Any CPU
		{A5675DCB-D879-4469-ADC2-6F9BC43DA305}.Release|Any CPU.ActiveCfg = Release|Any CPU
		{A5675DCB-D879-4469-ADC2-6F9BC43DA305}.Release|Any CPU.Build.0 = Release|Any CPU
	EndGlobalSection
	GlobalSection(SolutionProperties) = preSolution
		HideSolutionNode = FALSE
	EndGlobalSection
	GlobalSection(ExtensibilityGlobals) = postSolution
		SolutionGuid = {056E80D9-45AA-4E44-8032-D149F859839C}
	EndGlobalSection
EndGlobal
